# This file is autogenerated, do not edit; changes may be undone by the next 'dep ensure'.


[[projects]]
  branch = "master"
  name = "github.com/0xAX/notificator"
  packages = ["."]
  revision = "88d57ee9043ba88d6a62e437fa15dda1ca0d2b59"

[[projects]]
  name = "github.com/fatih/color"
  packages = ["."]
  revision = "570b54cabe6b8eb0bc2dfce68d964677d63b5260"
  version = "v1.5.0"

[[projects]]
  name = "github.com/gizak/termui"
  packages = ["."]
  revision = "24acd523c756fd9728824cdfac66aad9d8982fb7"
  version = "v2.2.0"

[[projects]]
  name = "github.com/jawher/mow.cli"
  packages = ["."]
  revision = "0e80ee9f63156ea1954dc2375c33a1c7e752c25c"
  version = "v1.0.3"

[[projects]]
  name = "github.com/maruel/panicparse"
  packages = ["stack"]
  revision = "766956aceb8ff49664065ae50bef0ae8a0a83ec4"
  version = "v1.0.2"

[[projects]]
  name = "github.com/mattn/go-colorable"
  packages = ["."]
  revision = "167de6bfdfba052fa6b2d3664c8f5272e23c9072"
  version = "v0.0.9"

[[projects]]
  name = "github.com/mattn/go-isatty"
  packages = ["."]
  revision = "0360b2af4f38e8d38c7fce2a9f4e702702d73a39"
  version = "v0.0.3"

[[projects]]
  name = "github.com/mattn/go-runewidth"
  packages = ["."]
  revision = "9e777a8366cce605130a531d2cd6363d07ad7317"
  version = "v0.0.2"

[[projects]]
  name = "github.com/mattn/go-sqlite3"
  packages = ["."]
  revision = "6c771bb9887719704b210e87e934f08be014bdb1"
  version = "v1.6.0"

[[projects]]
  branch = "master"
  name = "github.com/mitchellh/go-wordwrap"
  packages = ["."]
  revision = "ad45545899c7b13c020ea92b2072220eefad42b8"

[[projects]]
  branch = "master"
  name = "github.com/nsf/termbox-go"
  packages = ["."]
  revision = "88b7b944be8bc8d8ec6195fca97c5869ba20f99d"

[[projects]]
  branch = "master"
  name = "golang.org/x/sys"
  packages = ["unix"]
  revision = "2c42eef0765b9837fbdab12011af7830f55f88f0"

[solve-meta]
  analyzer-name = "dep"
  analyzer-version = 1
  inputs-digest = "5913a16a0927350ebbd5117158473bb0252181f6aa8777cb5a095a18dee8bd40"
  solver-name = "gps-cdcl"
  solver-version = 1
